
Microsoft Visual Studio Solution File, Format Version 12.00
# Visual Studio 15
VisualStudioVersion = 15.0.28307.271
MinimumVisualStudioVersion = 10.0.40219.1
Project("{FAE04EC0-301F-11D3-BF4B-00C04F79EFBC}") = "ClassExercises", "ClassExercises\ClassExercises.csproj", "{4FB1AE58-EAFE-4F6C-A871-0EF1CD6ED5E2}"
EndProject
Project("{FAE04EC0-301F-11D3-BF4B-00C04F79EFBC}") = "CalculateAverages", "CalculateAverages\CalculateAverages.csproj", "{501A8FD5-8169-4166-B9CB-AFCC304F7B87}"
EndProject
Project("{FAE04EC0-301F-11D3-BF4B-00C04F79EFBC}") = "AreaOfTri", "AreaOfTri\AreaOfTri.csproj", "{3734B27B-D8E3-4E5B-8198-F9DBFA54C9BA}"
EndProject
Project("{FAE04EC0-301F-11D3-BF4B-00C04F79EFBC}") = "SumOfOdds", "SumOfOdds\SumOfOdds.csproj", "{0990415D-5643-47E5-8402-FA8C031AF3F3}"
EndProject
Project("{FAE04EC0-301F-11D3-BF4B-00C04F79EFBC}") = "SumOfOddsTests", "SumOfOddsTests\SumOfOddsTests.csproj", "{A9A17631-8DB0-4972-AE10-628766E020AE}"
EndProject
Project("{FAE04EC0-301F-11D3-BF4B-00C04F79EFBC}") = "Julian", "Julian\Julian.csproj", "{020526A8-EDBF-412D-8BF7-5C234F678297}"
EndProject
Project("{FAE04EC0-301F-11D3-BF4B-00C04F79EFBC}") = "JulianTests", "JulianTests\JulianTests.csproj", "{644E7735-F6CC-498A-803D-BDF77769C930}"
EndProject
Project("{FAE04EC0-301F-11D3-BF4B-00C04F79EFBC}") = "StructsAndEnums", "StructsAndEnums\StructsAndEnums.csproj", "{44AAEE22-C84E-4F81-B696-FDF39C0338E3}"
EndProject
Project("{FAE04EC0-301F-11D3-BF4B-00C04F79EFBC}") = "Mirror", "camelCaseStatement\Mirror.csproj", "{43F1F9A5-50E7-4C1F-AB3D-88909829D162}"
EndProject
Project("{FAE04EC0-301F-11D3-BF4B-00C04F79EFBC}") = "MirrorTests", "MirrorTests\MirrorTests.csproj", "{858DE1BC-8CF4-4082-B84E-D45BE880134E}"
EndProject
Project("{FAE04EC0-301F-11D3-BF4B-00C04F79EFBC}") = "Minimums", "Minimums\Minimums.csproj", "{D03241CA-66CE-4DDC-BAC6-3097E9878C24}"
EndProject
Project("{FAE04EC0-301F-11D3-BF4B-00C04F79EFBC}") = "MinimumsTests", "MinimumsTests\MinimumsTests.csproj", "{725BBA00-8836-4681-865D-D835864FAECA}"
EndProject
Project("{FAE04EC0-301F-11D3-BF4B-00C04F79EFBC}") = "Count", "Count\Count.csproj", "{70E46EEA-0589-49B8-880B-E0FBDEF2D531}"
EndProject
Project("{FAE04EC0-301F-11D3-BF4B-00C04F79EFBC}") = "CountTests", "CountTests\CountTests.csproj", "{0AA84589-3767-4220-8E07-50D010D04880}"
EndProject
Project("{FAE04EC0-301F-11D3-BF4B-00C04F79EFBC}") = "UnderstandingNesting", "UnderstandingNesting\UnderstandingNesting.csproj", "{79EC372B-485C-4BDF-BACC-6C2136EF5271}"
EndProject
Project("{FAE04EC0-301F-11D3-BF4B-00C04F79EFBC}") = "Reverse", "Reverse\Reverse.csproj", "{0D1E3CE9-D348-446D-B4A5-52A92E86629E}"
EndProject
Project("{FAE04EC0-301F-11D3-BF4B-00C04F79EFBC}") = "ReverseTests", "ReverseTests\ReverseTests.csproj", "{3DA2D248-8EDA-48DD-A1AA-4EC447CAA23D}"
EndProject
Project("{FAE04EC0-301F-11D3-BF4B-00C04F79EFBC}") = "RemoveSpaces", "RemoveSpaces\RemoveSpaces.csproj", "{D883B7CF-D9F2-4287-9C6F-A3BD30FF99BF}"
EndProject
Project("{FAE04EC0-301F-11D3-BF4B-00C04F79EFBC}") = "Prime", "Prime\Prime.csproj", "{04C021B0-3878-45BA-AA91-0952F56A8361}"
EndProject
Project("{FAE04EC0-301F-11D3-BF4B-00C04F79EFBC}") = "PrimeTests", "PrimeTests\PrimeTests.csproj", "{9D0E9EA5-7697-4645-B26C-334C7183FDE5}"
EndProject
Global
	GlobalSection(SolutionConfigurationPlatforms) = preSolution
		Debug|Any CPU = Debug|Any CPU
		Release|Any CPU = Release|Any CPU
	EndGlobalSection
	GlobalSection(ProjectConfigurationPlatforms) = postSolution
		{4FB1AE58-EAFE-4F6C-A871-0EF1CD6ED5E2}.Debug|Any CPU.ActiveCfg = Debug|Any CPU
		{4FB1AE58-EAFE-4F6C-A871-0EF1CD6ED5E2}.Debug|Any CPU.Build.0 = Debug|Any CPU
		{4FB1AE58-EAFE-4F6C-A871-0EF1CD6ED5E2}.Release|Any CPU.ActiveCfg = Release|Any CPU
		{4FB1AE58-EAFE-4F6C-A871-0EF1CD6ED5E2}.Release|Any CPU.Build.0 = Release|Any CPU
		{501A8FD5-8169-4166-B9CB-AFCC304F7B87}.Debug|Any CPU.ActiveCfg = Debug|Any CPU
		{501A8FD5-8169-4166-B9CB-AFCC304F7B87}.Debug|Any CPU.Build.0 = Debug|Any CPU
		{501A8FD5-8169-4166-B9CB-AFCC304F7B87}.Release|Any CPU.ActiveCfg = Release|Any CPU
		{501A8FD5-8169-4166-B9CB-AFCC304F7B87}.Release|Any CPU.Build.0 = Release|Any CPU
		{3734B27B-D8E3-4E5B-8198-F9DBFA54C9BA}.Debug|Any CPU.ActiveCfg = Debug|Any CPU
		{3734B27B-D8E3-4E5B-8198-F9DBFA54C9BA}.Debug|Any CPU.Build.0 = Debug|Any CPU
		{3734B27B-D8E3-4E5B-8198-F9DBFA54C9BA}.Release|Any CPU.ActiveCfg = Release|Any CPU
		{3734B27B-D8E3-4E5B-8198-F9DBFA54C9BA}.Release|Any CPU.Build.0 = Release|Any CPU
		{0990415D-5643-47E5-8402-FA8C031AF3F3}.Debug|Any CPU.ActiveCfg = Debug|Any CPU
		{0990415D-5643-47E5-8402-FA8C031AF3F3}.Debug|Any CPU.Build.0 = Debug|Any CPU
		{0990415D-5643-47E5-8402-FA8C031AF3F3}.Release|Any CPU.ActiveCfg = Release|Any CPU
		{0990415D-5643-47E5-8402-FA8C031AF3F3}.Release|Any CPU.Build.0 = Release|Any CPU
		{A9A17631-8DB0-4972-AE10-628766E020AE}.Debug|Any CPU.ActiveCfg = Debug|Any CPU
		{A9A17631-8DB0-4972-AE10-628766E020AE}.Debug|Any CPU.Build.0 = Debug|Any CPU
		{A9A17631-8DB0-4972-AE10-628766E020AE}.Release|Any CPU.ActiveCfg = Release|Any CPU
		{A9A17631-8DB0-4972-AE10-628766E020AE}.Release|Any CPU.Build.0 = Release|Any CPU
		{020526A8-EDBF-412D-8BF7-5C234F678297}.Debug|Any CPU.ActiveCfg = Debug|Any CPU
		{020526A8-EDBF-412D-8BF7-5C234F678297}.Debug|Any CPU.Build.0 = Debug|Any CPU
		{020526A8-EDBF-412D-8BF7-5C234F678297}.Release|Any CPU.ActiveCfg = Release|Any CPU
		{020526A8-EDBF-412D-8BF7-5C234F678297}.Release|Any CPU.Build.0 = Release|Any CPU
		{644E7735-F6CC-498A-803D-BDF77769C930}.Debug|Any CPU.ActiveCfg = Debug|Any CPU
		{644E7735-F6CC-498A-803D-BDF77769C930}.Debug|Any CPU.Build.0 = Debug|Any CPU
		{644E7735-F6CC-498A-803D-BDF77769C930}.Release|Any CPU.ActiveCfg = Release|Any CPU
		{644E7735-F6CC-498A-803D-BDF77769C930}.Release|Any CPU.Build.0 = Release|Any CPU
		{44AAEE22-C84E-4F81-B696-FDF39C0338E3}.Debug|Any CPU.ActiveCfg = Debug|Any CPU
		{44AAEE22-C84E-4F81-B696-FDF39C0338E3}.Debug|Any CPU.Build.0 = Debug|Any CPU
		{44AAEE22-C84E-4F81-B696-FDF39C0338E3}.Release|Any CPU.ActiveCfg = Release|Any CPU
		{44AAEE22-C84E-4F81-B696-FDF39C0338E3}.Release|Any CPU.Build.0 = Release|Any CPU
		{43F1F9A5-50E7-4C1F-AB3D-88909829D162}.Debug|Any CPU.ActiveCfg = Debug|Any CPU
		{43F1F9A5-50E7-4C1F-AB3D-88909829D162}.Debug|Any CPU.Build.0 = Debug|Any CPU
		{43F1F9A5-50E7-4C1F-AB3D-88909829D162}.Release|Any CPU.ActiveCfg = Release|Any CPU
		{43F1F9A5-50E7-4C1F-AB3D-88909829D162}.Release|Any CPU.Build.0 = Release|Any CPU
		{858DE1BC-8CF4-4082-B84E-D45BE880134E}.Debug|Any CPU.ActiveCfg = Debug|Any CPU
		{858DE1BC-8CF4-4082-B84E-D45BE880134E}.Debug|Any CPU.Build.0 = Debug|Any CPU
		{858DE1BC-8CF4-4082-B84E-D45BE880134E}.Release|Any CPU.ActiveCfg = Release|Any CPU
		{858DE1BC-8CF4-4082-B84E-D45BE880134E}.Release|Any CPU.Build.0 = Release|Any CPU
		{D03241CA-66CE-4DDC-BAC6-3097E9878C24}.Debug|Any CPU.ActiveCfg = Debug|Any CPU
		{D03241CA-66CE-4DDC-BAC6-3097E9878C24}.Debug|Any CPU.Build.0 = Debug|Any CPU
		{D03241CA-66CE-4DDC-BAC6-3097E9878C24}.Release|Any CPU.ActiveCfg = Release|Any CPU
		{D03241CA-66CE-4DDC-BAC6-3097E9878C24}.Release|Any CPU.Build.0 = Release|Any CPU
		{725BBA00-8836-4681-865D-D835864FAECA}.Debug|Any CPU.ActiveCfg = Debug|Any CPU
		{725BBA00-8836-4681-865D-D835864FAECA}.Debug|Any CPU.Build.0 = Debug|Any CPU
		{725BBA00-8836-4681-865D-D835864FAECA}.Release|Any CPU.ActiveCfg = Release|Any CPU
		{725BBA00-8836-4681-865D-D835864FAECA}.Release|Any CPU.Build.0 = Release|Any CPU
		{70E46EEA-0589-49B8-880B-E0FBDEF2D531}.Debug|Any CPU.ActiveCfg = Debug|Any CPU
		{70E46EEA-0589-49B8-880B-E0FBDEF2D531}.Debug|Any CPU.Build.0 = Debug|Any CPU
		{70E46EEA-0589-49B8-880B-E0FBDEF2D531}.Release|Any CPU.ActiveCfg = Release|Any CPU
		{70E46EEA-0589-49B8-880B-E0FBDEF2D531}.Release|Any CPU.Build.0 = Release|Any CPU
		{0AA84589-3767-4220-8E07-50D010D04880}.Debug|Any CPU.ActiveCfg = Debug|Any CPU
		{0AA84589-3767-4220-8E07-50D010D04880}.Debug|Any CPU.Build.0 = Debug|Any CPU
		{0AA84589-3767-4220-8E07-50D010D04880}.Release|Any CPU.ActiveCfg = Release|Any CPU
		{0AA84589-3767-4220-8E07-50D010D04880}.Release|Any CPU.Build.0 = Release|Any CPU
		{79EC372B-485C-4BDF-BACC-6C2136EF5271}.Debug|Any CPU.ActiveCfg = Debug|Any CPU
		{79EC372B-485C-4BDF-BACC-6C2136EF5271}.Debug|Any CPU.Build.0 = Debug|Any CPU
		{79EC372B-485C-4BDF-BACC-6C2136EF5271}.Release|Any CPU.ActiveCfg = Release|Any CPU
		{79EC372B-485C-4BDF-BACC-6C2136EF5271}.Release|Any CPU.Build.0 = Release|Any CPU
		{0D1E3CE9-D348-446D-B4A5-52A92E86629E}.Debug|Any CPU.ActiveCfg = Debug|Any CPU
		{0D1E3CE9-D348-446D-B4A5-52A92E86629E}.Debug|Any CPU.Build.0 = Debug|Any CPU
		{0D1E3CE9-D348-446D-B4A5-52A92E86629E}.Release|Any CPU.ActiveCfg = Release|Any CPU
		{0D1E3CE9-D348-446D-B4A5-52A92E86629E}.Release|Any CPU.Build.0 = Release|Any CPU
		{3DA2D248-8EDA-48DD-A1AA-4EC447CAA23D}.Debug|Any CPU.ActiveCfg = Debug|Any CPU
		{3DA2D248-8EDA-48DD-A1AA-4EC447CAA23D}.Debug|Any CPU.Build.0 = Debug|Any CPU
		{3DA2D248-8EDA-48DD-A1AA-4EC447CAA23D}.Release|Any CPU.ActiveCfg = Release|Any CPU
		{3DA2D248-8EDA-48DD-A1AA-4EC447CAA23D}.Release|Any CPU.Build.0 = Release|Any CPU
		{D883B7CF-D9F2-4287-9C6F-A3BD30FF99BF}.Debug|Any CPU.ActiveCfg = Debug|Any CPU
		{D883B7CF-D9F2-4287-9C6F-A3BD30FF99BF}.Debug|Any CPU.Build.0 = Debug|Any CPU
		{D883B7CF-D9F2-4287-9C6F-A3BD30FF99BF}.Release|Any CPU.ActiveCfg = Release|Any CPU
		{D883B7CF-D9F2-4287-9C6F-A3BD30FF99BF}.Release|Any CPU.Build.0 = Release|Any CPU
		{04C021B0-3878-45BA-AA91-0952F56A8361}.Debug|Any CPU.ActiveCfg = Debug|Any CPU
		{04C021B0-3878-45BA-AA91-0952F56A8361}.Debug|Any CPU.Build.0 = Debug|Any CPU
		{04C021B0-3878-45BA-AA91-0952F56A8361}.Release|Any CPU.ActiveCfg = Release|Any CPU
		{04C021B0-3878-45BA-AA91-0952F56A8361}.Release|Any CPU.Build.0 = Release|Any CPU
		{9D0E9EA5-7697-4645-B26C-334C7183FDE5}.Debug|Any CPU.ActiveCfg = Debug|Any CPU
		{9D0E9EA5-7697-4645-B26C-334C7183FDE5}.Debug|Any CPU.Build.0 = Debug|Any CPU
		{9D0E9EA5-7697-4645-B26C-334C7183FDE5}.Release|Any CPU.ActiveCfg = Release|Any CPU
		{9D0E9EA5-7697-4645-B26C-334C7183FDE5}.Release|Any CPU.Build.0 = Release|Any CPU
	EndGlobalSection
	GlobalSection(SolutionProperties) = preSolution
		HideSolutionNode = FALSE
	EndGlobalSection
	GlobalSection(ExtensibilityGlobals) = postSolution
		SolutionGuid = {243AD27F-FFBE-4879-926D-1F3DD04426F8}
	EndGlobalSection
EndGlobal
